
Microsoft Visual Studio Solution File, Format Version 12.00
# Visual Studio Version 17
VisualStudioVersion = 17.7.34031.279
MinimumVisualStudioVersion = 10.0.40219.1
Project("{FAE04EC0-301F-11D3-BF4B-00C04F79EFBC}") = "Mystore", "Mystore\Mystore.csproj", "{CDAF005B-BCC2-433F-9182-5B02A4DAA933}"
EndProject
Global
	GlobalSection(SolutionConfigurationPlatforms) = preSolution
		Debug|Any CPU = Debug|Any CPU
		Release|Any CPU = Release|Any CPU
	EndGlobalSection
	GlobalSection(ProjectConfigurationPlatforms) = postSolution
		{CDAF005B-BCC2-433F-9182-5B02A4DAA933}.Debug|Any CPU.ActiveCfg = Debug|Any CPU
		{CDAF005B-BCC2-433F-9182-5B02A4DAA933}.Debug|Any CPU.Build.0 = Debug|Any CPU
		{CDAF005B-BCC2-433F-9182-5B02A4DAA933}.Release|Any CPU.ActiveCfg = Release|Any CPU
		{CDAF005B-BCC2-433F-9182-5B02A4DAA933}.Release|Any CPU.Build.0 = Release|Any CPU
	EndGlobalSection
	GlobalSection(SolutionProperties) = preSolution
		HideSolutionNode = FALSE
	EndGlobalSection
	GlobalSection(ExtensibilityGlobals) = postSolution
		SolutionGuid = {603DE4D8-1CCD-43C7-8794-241BB626F970}
	EndGlobalSection
EndGlobal
